
Microsoft Visual Studio Solution File, Format Version 9.00
# Visual Studio 2005
Project("{8BC9CEB8-8B4A-11D0-8D11-00A0C91BC942}") = "projectend", "projectend\projectend.vcproj", "{E89CC040-D0DE-4104-8501-7181B952A45A}"
EndProject
Global
	GlobalSection(SolutionConfigurationPlatforms) = preSolution
		Debug|Win32 = Debug|Win32
		Release|Win32 = Release|Win32
	EndGlobalSection
	GlobalSection(ProjectConfigurationPlatforms) = postSolution
		{E89CC040-D0DE-4104-8501-7181B952A45A}.Debug|Win32.ActiveCfg = Debug|Win32
		{E89CC040-D0DE-4104-8501-7181B952A45A}.Debug|Win32.Build.0 = Debug|Win32
		{E89CC040-D0DE-4104-8501-7181B952A45A}.Release|Win32.ActiveCfg = Release|Win32
		{E89CC040-D0DE-4104-8501-7181B952A45A}.Release|Win32.Build.0 = Release|Win32
	EndGlobalSection
	GlobalSection(SolutionProperties) = preSolution
		HideSolutionNode = FALSE
	EndGlobalSection
EndGlobal
