
Microsoft Visual Studio Solution File, Format Version 9.00
# Visual Studio 2005
Project("{8BC9CEB8-8B4A-11D0-8D11-00A0C91BC942}") = "a13q04", "a13q04\a13q04.vcproj", "{9E4200C4-022E-4DEF-903E-4145C377D53C}"
EndProject
Global
	GlobalSection(SolutionConfigurationPlatforms) = preSolution
		Debug|Win32 = Debug|Win32
		Release|Win32 = Release|Win32
	EndGlobalSection
	GlobalSection(ProjectConfigurationPlatforms) = postSolution
		{9E4200C4-022E-4DEF-903E-4145C377D53C}.Debug|Win32.ActiveCfg = Debug|Win32
		{9E4200C4-022E-4DEF-903E-4145C377D53C}.Debug|Win32.Build.0 = Debug|Win32
		{9E4200C4-022E-4DEF-903E-4145C377D53C}.Release|Win32.ActiveCfg = Release|Win32
		{9E4200C4-022E-4DEF-903E-4145C377D53C}.Release|Win32.Build.0 = Release|Win32
	EndGlobalSection
	GlobalSection(SolutionProperties) = preSolution
		HideSolutionNode = FALSE
	EndGlobalSection
EndGlobal
