
Microsoft Visual Studio Solution File, Format Version 9.00
# Visual Studio 2005
Project("{8BC9CEB8-8B4A-11D0-8D11-00A0C91BC942}") = "414", "414\414.vcproj", "{E8B361DF-A41D-49D8-97B8-A85D0FF48AD4}"
EndProject
Global
	GlobalSection(SolutionConfigurationPlatforms) = preSolution
		Debug|Win32 = Debug|Win32
		Release|Win32 = Release|Win32
	EndGlobalSection
	GlobalSection(ProjectConfigurationPlatforms) = postSolution
		{E8B361DF-A41D-49D8-97B8-A85D0FF48AD4}.Debug|Win32.ActiveCfg = Debug|Win32
		{E8B361DF-A41D-49D8-97B8-A85D0FF48AD4}.Debug|Win32.Build.0 = Debug|Win32
		{E8B361DF-A41D-49D8-97B8-A85D0FF48AD4}.Release|Win32.ActiveCfg = Release|Win32
		{E8B361DF-A41D-49D8-97B8-A85D0FF48AD4}.Release|Win32.Build.0 = Release|Win32
	EndGlobalSection
	GlobalSection(SolutionProperties) = preSolution
		HideSolutionNode = FALSE
	EndGlobalSection
EndGlobal
