
Microsoft Visual Studio Solution File, Format Version 9.00
# Visual Studio 2005
Project("{8BC9CEB8-8B4A-11D0-8D11-00A0C91BC942}") = "a13q03", "a13q03\a13q03.vcproj", "{A06AD9F7-10F7-4C3B-921E-D29B0B36A1BB}"
EndProject
Global
	GlobalSection(SolutionConfigurationPlatforms) = preSolution
		Debug|Win32 = Debug|Win32
		Release|Win32 = Release|Win32
	EndGlobalSection
	GlobalSection(ProjectConfigurationPlatforms) = postSolution
		{A06AD9F7-10F7-4C3B-921E-D29B0B36A1BB}.Debug|Win32.ActiveCfg = Debug|Win32
		{A06AD9F7-10F7-4C3B-921E-D29B0B36A1BB}.Debug|Win32.Build.0 = Debug|Win32
		{A06AD9F7-10F7-4C3B-921E-D29B0B36A1BB}.Release|Win32.ActiveCfg = Release|Win32
		{A06AD9F7-10F7-4C3B-921E-D29B0B36A1BB}.Release|Win32.Build.0 = Release|Win32
	EndGlobalSection
	GlobalSection(SolutionProperties) = preSolution
		HideSolutionNode = FALSE
	EndGlobalSection
EndGlobal
