
Microsoft Visual Studio Solution File, Format Version 9.00
# Visual Studio 2005
Project("{8BC9CEB8-8B4A-11D0-8D11-00A0C91BC942}") = "a416", "a416\a416.vcproj", "{56A6C6DF-A2FF-4481-A6BF-ACE5E2B6C8EE}"
EndProject
Global
	GlobalSection(SolutionConfigurationPlatforms) = preSolution
		Debug|Win32 = Debug|Win32
		Release|Win32 = Release|Win32
	EndGlobalSection
	GlobalSection(ProjectConfigurationPlatforms) = postSolution
		{56A6C6DF-A2FF-4481-A6BF-ACE5E2B6C8EE}.Debug|Win32.ActiveCfg = Debug|Win32
		{56A6C6DF-A2FF-4481-A6BF-ACE5E2B6C8EE}.Debug|Win32.Build.0 = Debug|Win32
		{56A6C6DF-A2FF-4481-A6BF-ACE5E2B6C8EE}.Release|Win32.ActiveCfg = Release|Win32
		{56A6C6DF-A2FF-4481-A6BF-ACE5E2B6C8EE}.Release|Win32.Build.0 = Release|Win32
	EndGlobalSection
	GlobalSection(SolutionProperties) = preSolution
		HideSolutionNode = FALSE
	EndGlobalSection
EndGlobal
